
Microsoft Visual Studio Solution File, Format Version 12.00
# Visual Studio Version 16
VisualStudioVersion = 16.0.31019.35
MinimumVisualStudioVersion = 10.0.40219.1
Project("{FAE04EC0-301F-11D3-BF4B-00C04F79EFBC}") = "DisconnectedEnvironment", "DisconnectedEnvironment\DisconnectedEnvironment.csproj", "{0BF32BBD-61FE-45BA-8FF8-CBD021167E9A}"
EndProject
Global
	GlobalSection(SolutionConfigurationPlatforms) = preSolution
		Debug|Any CPU = Debug|Any CPU
		Release|Any CPU = Release|Any CPU
	EndGlobalSection
	GlobalSection(ProjectConfigurationPlatforms) = postSolution
		{0BF32BBD-61FE-45BA-8FF8-CBD021167E9A}.Debug|Any CPU.ActiveCfg = Debug|Any CPU
		{0BF32BBD-61FE-45BA-8FF8-CBD021167E9A}.Debug|Any CPU.Build.0 = Debug|Any CPU
		{0BF32BBD-61FE-45BA-8FF8-CBD021167E9A}.Release|Any CPU.ActiveCfg = Release|Any CPU
		{0BF32BBD-61FE-45BA-8FF8-CBD021167E9A}.Release|Any CPU.Build.0 = Release|Any CPU
	EndGlobalSection
	GlobalSection(SolutionProperties) = preSolution
		HideSolutionNode = FALSE
	EndGlobalSection
	GlobalSection(ExtensibilityGlobals) = postSolution
		SolutionGuid = {EBB36662-2188-466C-8324-8B77EECE95DB}
	EndGlobalSection
EndGlobal
